
Microsoft Visual Studio Solution File, Format Version 12.00
# Visual Studio Version 17
VisualStudioVersion = 17.5.33516.290
MinimumVisualStudioVersion = 10.0.40219.1
Project("{FAE04EC0-301F-11D3-BF4B-00C04F79EFBC}") = "DagEdit", "DagEdit.csproj", "{8DFF1784-D4B5-481C-BFD0-453D66313D17}"
EndProject
Project("{FAE04EC0-301F-11D3-BF4B-00C04F79EFBC}") = "DagEdit.Tests", "tests\DagEdit.Tests\DagEdit.Tests.csproj", "{A4F1E8B2-3C7D-4F9A-8B2E-1D6C3A7F0E5B}"
EndProject
Project("{FAE04EC0-301F-11D3-BF4B-00C04F79EFBC}") = "DagEdit.Benchmarks", "benchmarks\DagEdit.Benchmarks\DagEdit.Benchmarks.csproj", "{B8C2D4E6-F0A2-4C8E-A0B4-C6D8E0F2A4B6}"
EndProject
Global
	GlobalSection(SolutionConfigurationPlatforms) = preSolution
		Debug|Any CPU = Debug|Any CPU
		Release|Any CPU = Release|Any CPU
	EndGlobalSection
	GlobalSection(ProjectConfigurationPlatforms) = postSolution
		{8DFF1784-D4B5-481C-BFD0-453D66313D17}.Debug|Any CPU.ActiveCfg = Debug|Any CPU
		{8DFF1784-D4B5-481C-BFD0-453D66313D17}.Debug|Any CPU.Build.0 = Debug|Any CPU
		{8DFF1784-D4B5-481C-BFD0-453D66313D17}.Release|Any CPU.ActiveCfg = Release|Any CPU
		{8DFF1784-D4B5-481C-BFD0-453D66313D17}.Release|Any CPU.Build.0 = Release|Any CPU
		{A4F1E8B2-3C7D-4F9A-8B2E-1D6C3A7F0E5B}.Debug|Any CPU.ActiveCfg = Debug|Any CPU
		{A4F1E8B2-3C7D-4F9A-8B2E-1D6C3A7F0E5B}.Debug|Any CPU.Build.0 = Debug|Any CPU
		{A4F1E8B2-3C7D-4F9A-8B2E-1D6C3A7F0E5B}.Release|Any CPU.ActiveCfg = Release|Any CPU
		{A4F1E8B2-3C7D-4F9A-8B2E-1D6C3A7F0E5B}.Release|Any CPU.Build.0 = Release|Any CPU
		{B8C2D4E6-F0A2-4C8E-A0B4-C6D8E0F2A4B6}.Debug|Any CPU.ActiveCfg = Debug|Any CPU
		{B8C2D4E6-F0A2-4C8E-A0B4-C6D8E0F2A4B6}.Debug|Any CPU.Build.0 = Debug|Any CPU
		{B8C2D4E6-F0A2-4C8E-A0B4-C6D8E0F2A4B6}.Release|Any CPU.ActiveCfg = Release|Any CPU
		{B8C2D4E6-F0A2-4C8E-A0B4-C6D8E0F2A4B6}.Release|Any CPU.Build.0 = Release|Any CPU
	EndGlobalSection
	GlobalSection(SolutionProperties) = preSolution
		HideSolutionNode = FALSE
	EndGlobalSection
	GlobalSection(ExtensibilityGlobals) = postSolution
		SolutionGuid = {C99A8528-8B95-4F3A-B663-90713C23829A}
	EndGlobalSection
EndGlobal
